{
  "name": "whisper-tiny-translation",
  "version": "1.0.0",
  "lockfileVersion": 3,
  "requires": true,
  "packages": {
    "": {
      "name": "whisper-tiny-translation",
      "version": "1.0.0",
      "license": "ISC",
      "dependencies": {
        "bare-console": "^4.1.0",
        "bare-events": "^2.2.0",
        "bare-fs": "^2.1.5",
        "bare-http1": "^2.0.3",
        "bare-inspector": "^1.1.2",
        "bare-os": "^2.2.0",
        "bare-path": "^2.1.0",
        "bare-process": "^1.3.0",
        "bare-readline": "^1.0.0",
        "bare-repl": "^1.0.3",
        "bare-subprocess": "^2.0.4",
        "bare-tty": "^3.2.0",
        "bare-url": "^1.0.7",
        "child_process": "npm:bare-node-child-process",
        "console": "npm:bare-node-console",
        "events": "npm:bare-node-events",
        "fs": "npm:bare-node-fs",
        "http": "npm:bare-node-http",
        "inspector": "npm:bare-node-inspector",
        "os": "npm:bare-node-os",
        "path": "npm:bare-node-path",
        "process": "npm:bare-node-process",
        "readline": "npm:bare-node-readline",
        "repl": "npm:bare-node-repl",
        "tty": "npm:bare-node-tty",
        "url": "npm:bare-node-url"
      }
    },
    "node_modules/b4a": {
      "version": "1.6.6",
      "resolved": "https://registry.npmjs.org/b4a/-/b4a-1.6.6.tgz",
      "integrity": "sha512-5Tk1HLk6b6ctmjIkAcU/Ujv/1WqiDl0F0JdRCR80VsOcUlHcu7pWeWRlOqQLHfDEsVx9YH/aif5AG4ehoCtTmg=="
    },
    "node_modules/bare-ansi-escapes": {
      "version": "2.1.0",
      "resolved": "https://registry.npmjs.org/bare-ansi-escapes/-/bare-ansi-escapes-2.1.0.tgz",
      "integrity": "sha512-LjNLfSMR6BsqhfLBV1ap9W2xzw8J9xKblLIhkoHeuiAmrBg/gHflRkOcztYXGj9GszGxei3y3MJ+coUXSHe2Kg==",
      "dependencies": {
        "streamx": "^2.15.0"
      }
    },
    "node_modules/bare-bundle": {
      "version": "1.2.0",
      "resolved": "https://registry.npmjs.org/bare-bundle/-/bare-bundle-1.2.0.tgz",
      "integrity": "sha512-Q6rOcbZMfJ6OD50CO1cJRm83Hk+Ne1AtfA92kZMRhrJFM+qXFIcqEdWc6Yubj3ovLuFvpLmfbTpT4o90cHwIsA==",
      "dependencies": {
        "b4a": "^1.6.4"
      }
    },
    "node_modules/bare-console": {
      "version": "4.1.0",
      "resolved": "https://registry.npmjs.org/bare-console/-/bare-console-4.1.0.tgz",
      "integrity": "sha512-739Ayk2Gn1AzW//aZsZI/d16cjvOpx7z5km+JqoQejErjFQqZyc8WhtNt1LW0iSRUTj0H4N17dVpS7bcQqJ0HA==",
      "dependencies": {
        "bare-events": "^2.2.0",
        "bare-hrtime": "^2.0.0",
        "bare-inspect": "^2.0.0"
      }
    },
    "node_modules/bare-env": {
      "version": "2.1.0",
      "resolved": "https://registry.npmjs.org/bare-env/-/bare-env-2.1.0.tgz",
      "integrity": "sha512-h/YZvt/kSxN3UgyzXdgcT7xG/e20BRIgqjRYH64T16aXAymjo1Ka8lQpxK8yg8yaHvMSbEmX0x2x5+iMwjekXg==",
      "dependencies": {
        "bare-os": "^2.1.0"
      }
    },
    "node_modules/bare-events": {
      "version": "2.2.1",
      "resolved": "https://registry.npmjs.org/bare-events/-/bare-events-2.2.1.tgz",
      "integrity": "sha512-9GYPpsPFvrWBkelIhOhTWtkeZxVxZOdb3VnFTCzlOo3OjvmTvzLoZFUT8kNFACx0vJej6QPney1Cf9BvzCNE/A=="
    },
    "node_modules/bare-fs": {
      "version": "2.2.2",
      "resolved": "https://registry.npmjs.org/bare-fs/-/bare-fs-2.2.2.tgz",
      "integrity": "sha512-X9IqgvyB0/VA5OZJyb5ZstoN62AzD7YxVGog13kkfYWYqJYcK0kcqLZ6TrmH5qr4/8//ejVcX4x/a0UvaogXmA==",
      "dependencies": {
        "bare-events": "^2.0.0",
        "bare-os": "^2.0.0",
        "bare-path": "^2.0.0",
        "streamx": "^2.13.0"
      }
    },
    "node_modules/bare-hrtime": {
      "version": "2.0.5",
      "resolved": "https://registry.npmjs.org/bare-hrtime/-/bare-hrtime-2.0.5.tgz",
      "integrity": "sha512-nTvvrVY54yEfHEohh9ymFdEkcVPNcgRKwCRNaauqs20wnrcCwpVn46l9Cb/CyM14aRrR0OBI5WmfDHtsX507Uw=="
    },
    "node_modules/bare-http1": {
      "version": "2.0.5",
      "resolved": "https://registry.npmjs.org/bare-http1/-/bare-http1-2.0.5.tgz",
      "integrity": "sha512-MCaGha2DceFRGAOjrHV6zNYLa71kFR6KHpoc8K2T6ukeL2j7yjbsdFziQIF2mkMjz7RF75sfu1+rtgHEeIBenw==",
      "dependencies": {
        "bare-events": "^2.0.0",
        "streamx": "^2.13.0"
      }
    },
    "node_modules/bare-inspect": {
      "version": "2.2.0",
      "resolved": "https://registry.npmjs.org/bare-inspect/-/bare-inspect-2.2.0.tgz",
      "integrity": "sha512-Q0QPzmikr5AjL8plNPbsI8LqKsglgt8ABXnzRZT+skPbAygSGw/9IDBkvwZpPzQGcl/pPCWanIUOJLndQvCFbg==",
      "dependencies": {
        "bare-ansi-escapes": "^2.1.0"
      }
    },
    "node_modules/bare-inspector": {
      "version": "1.2.1",
      "resolved": "https://registry.npmjs.org/bare-inspector/-/bare-inspector-1.2.1.tgz",
      "integrity": "sha512-yHaoecLvnEndc8GWqB2JGOLQZTGj1/7Z3Y8nV1xmUzCtAat7K7EeK4Mi+ehxdeiiXBwy/d6Aur+djEc80TZm6A==",
      "dependencies": {
        "bare-events": "^2.1.0",
        "streamx": "^2.16.1"
      }
    },
    "node_modules/bare-module": {
      "version": "3.1.14",
      "resolved": "https://registry.npmjs.org/bare-module/-/bare-module-3.1.14.tgz",
      "integrity": "sha512-AC0e4tyrga8aAkdatZ2aCoxsnQsQ9BxDigHMg+ACSWawcxP5NtUSZg9Hv1pKi56SvLVYJ5y3I/3s18UhGfbJgw==",
      "dependencies": {
        "bare-bundle": "^1.0.0",
        "bare-module-resolve": "^1.4.4",
        "bare-path": "^2.0.0",
        "cjs-module-lexer": "^1.2.3",
        "url-file-url": "^1.0.2"
      }
    },
    "node_modules/bare-module-resolve": {
      "version": "1.5.1",
      "resolved": "https://registry.npmjs.org/bare-module-resolve/-/bare-module-resolve-1.5.1.tgz",
      "integrity": "sha512-ANdlR4FxQYG9NA+XgXA4loqWufMXRrPD2nhD4zkF1gyKWsBEHSfgaPZL5tvzUZ0o97KcqVuMRY2tHRvVN23Hmg=="
    },
    "node_modules/bare-os": {
      "version": "2.2.1",
      "resolved": "https://registry.npmjs.org/bare-os/-/bare-os-2.2.1.tgz",
      "integrity": "sha512-OwPyHgBBMkhC29Hl3O4/YfxW9n7mdTr2+SsO29XBWKKJsbgj3mnorDB80r5TiCQgQstgE5ga1qNYrpes6NvX2w=="
    },
    "node_modules/bare-path": {
      "version": "2.1.0",
      "resolved": "https://registry.npmjs.org/bare-path/-/bare-path-2.1.0.tgz",
      "integrity": "sha512-DIIg7ts8bdRKwJRJrUMy/PICEaQZaPGZ26lsSx9MJSwIhSrcdHn7/C8W+XmnG/rKi6BaRcz+JO00CjZteybDtw==",
      "dependencies": {
        "bare-os": "^2.1.0"
      }
    },
    "node_modules/bare-pipe": {
      "version": "2.0.5",
      "resolved": "https://registry.npmjs.org/bare-pipe/-/bare-pipe-2.0.5.tgz",
      "integrity": "sha512-nXSLgfTEu3oph0rR5TeU7UXWAc8rwS+BAncb0Axwat273i8NAJ0kUkbHUL26zSojSh1jKqrRYM16wnLdmcbBew==",
      "dependencies": {
        "bare-events": "^2.0.0",
        "streamx": "^2.13.2"
      }
    },
    "node_modules/bare-process": {
      "version": "1.3.2",
      "resolved": "https://registry.npmjs.org/bare-process/-/bare-process-1.3.2.tgz",
      "integrity": "sha512-+NWMqvoFhaemm8ZUkBhb6vBBXKUkEP2Qz9zywX2fdVWwtMT+zPJK05Z8I1Wc9dDzgCACX435RprpA/R7hjypWw==",
      "dependencies": {
        "bare-env": "^2.0.0",
        "bare-events": "^2.0.0",
        "bare-hrtime": "^2.0.0",
        "bare-os": "^2.0.0",
        "bare-pipe": "^2.0.2",
        "bare-tty": "^3.1.0"
      }
    },
    "node_modules/bare-readline": {
      "version": "1.0.2",
      "resolved": "https://registry.npmjs.org/bare-readline/-/bare-readline-1.0.2.tgz",
      "integrity": "sha512-hqOtefzoZBYMhqrLWNGie4toHVbzEV8sxY2vEvqnl+Av5Dqzfp17MqPesW4NQ75p1RfDOqEUeyA7mJ7zEgHtCg==",
      "dependencies": {
        "bare-ansi-escapes": "^2.0.0",
        "streamx": "^2.15.1"
      }
    },
    "node_modules/bare-repl": {
      "version": "1.0.4",
      "resolved": "https://registry.npmjs.org/bare-repl/-/bare-repl-1.0.4.tgz",
      "integrity": "sha512-WWOcakF28lhzkhyUsfV0geuX0TczO6/6eCrKi35dJCP7/rC8uWSvgErzCPzbTzvcq0J5zIWeEAW6mgTnY+L/pA==",
      "dependencies": {
        "bare-inspect": "^2.0.0",
        "bare-module": "^3.0.2",
        "bare-os": "^2.0.0",
        "bare-path": "^2.0.0",
        "bare-pipe": "^2.0.2",
        "bare-readline": "^1.0.0",
        "bare-tty": "^3.1.0",
        "streamx": "^2.15.0"
      }
    },
    "node_modules/bare-subprocess": {
      "version": "2.0.6",
      "resolved": "https://registry.npmjs.org/bare-subprocess/-/bare-subprocess-2.0.6.tgz",
      "integrity": "sha512-OiHPhum09Iyi6XJ+Xsi8908r+2lHCehfnSTH56cUi3aJwuoY/PyagN6Js8PAJ5uQjRoyghBxIZSlsdwKYhhidg==",
      "dependencies": {
        "bare-env": "^2.0.0",
        "bare-events": "^2.0.0",
        "bare-os": "^2.2.0",
        "bare-pipe": "^2.0.0"
      }
    },
    "node_modules/bare-tty": {
      "version": "3.2.3",
      "resolved": "https://registry.npmjs.org/bare-tty/-/bare-tty-3.2.3.tgz",
      "integrity": "sha512-r13+Gr+ymG0MnvD94obpzZYnM+KCV3RJMQOmCwEsfL5fDU7eOnrEvz8qH4glELDHEKbYBA/zwINfwwwA4x5cpw==",
      "dependencies": {
        "bare-events": "^2.2.0",
        "streamx": "^2.13.2"
      }
    },
    "node_modules/bare-url": {
      "version": "1.0.11",
      "resolved": "https://registry.npmjs.org/bare-url/-/bare-url-1.0.11.tgz",
      "integrity": "sha512-lk0erHZLjyqtJ6TovzIrdhXQad52Mf1TgBG5/aAdCKOaXvgfIPd+6/XoQZUFb6Dby+PsxfXmTtrHRHWUq6RLCw==",
      "dependencies": {
        "bare-path": "^2.0.0",
        "safety-catch": "^1.0.2"
      }
    },
    "node_modules/child_process": {
      "name": "bare-node-child-process",
      "version": "1.0.0",
      "resolved": "https://registry.npmjs.org/bare-node-child-process/-/bare-node-child-process-1.0.0.tgz",
      "integrity": "sha512-lkUgArReeBomAbcAAfFS1OWA00+37sFY0sChVyTL0Rg/S/8O8spCI4WT+E2wRt5pry/47cZk4+t5e3YbPT5NPQ==",
      "dependencies": {
        "bare-subprocess": "*"
      }
    },
    "node_modules/cjs-module-lexer": {
      "version": "1.2.3",
      "resolved": "https://registry.npmjs.org/cjs-module-lexer/-/cjs-module-lexer-1.2.3.tgz",
      "integrity": "sha512-0TNiGstbQmCFwt4akjjBg5pLRTSyj/PkWQ1ZoO2zntmg9yLqSRxwEa4iCfQLGjqhiqBfOJa7W/E8wfGrTDmlZQ=="
    },
    "node_modules/console": {
      "name": "bare-node-console",
      "version": "1.0.0",
      "resolved": "https://registry.npmjs.org/bare-node-console/-/bare-node-console-1.0.0.tgz",
      "integrity": "sha512-yLT3gYVC6tXFckgHpauukB4yBo7sP2JWiGhTsPApEZLt3m6SbtJFGQr6A62qJwzAyErbxw1lWkIHkJSW135dig==",
      "dependencies": {
        "bare-console": "*"
      }
    },
    "node_modules/events": {
      "name": "bare-node-events",
      "version": "1.0.0",
      "resolved": "https://registry.npmjs.org/bare-node-events/-/bare-node-events-1.0.0.tgz",
      "integrity": "sha512-xNJpEeERBINSiorEkZi17Pfi1eJ4xa4e/8g2TaCV97/jsMBKU8xQfVey3tUS6EpXKZjFlVe02L2C2JVsB1Nw1w==",
      "dependencies": {
        "bare-events": "*"
      }
    },
    "node_modules/fast-fifo": {
      "version": "1.3.2",
      "resolved": "https://registry.npmjs.org/fast-fifo/-/fast-fifo-1.3.2.tgz",
      "integrity": "sha512-/d9sfos4yxzpwkDkuN7k2SqFKtYNmCTzgfEpz82x34IM9/zc8KGxQoXg1liNC/izpRM/MBdt44Nmx41ZWqk+FQ=="
    },
    "node_modules/fs": {
      "name": "bare-node-fs",
      "version": "1.0.1",
      "resolved": "https://registry.npmjs.org/bare-node-fs/-/bare-node-fs-1.0.1.tgz",
      "integrity": "sha512-/ufOP55WKQxW3yaDoO3ZGx9DC1vzemDKaoBquB5ap1a98lAbznVA6xEGNtPj0+6PrJVYaPbck+Qzb0Amjn74Vg==",
      "dependencies": {
        "bare-fs": "*"
      }
    },
    "node_modules/http": {
      "name": "bare-node-http",
      "version": "1.0.0",
      "resolved": "https://registry.npmjs.org/bare-node-http/-/bare-node-http-1.0.0.tgz",
      "integrity": "sha512-DUZ+ier+gIGkG6BwKOFVdJ9jFWlraOOJnIhlRRNxBczcfpj86NRnWGfSLpKE6RE2p2Ik7BlB69fmI+jPMzIG4g==",
      "dependencies": {
        "bare-http1": "*"
      }
    },
    "node_modules/inspector": {
      "name": "bare-node-inspector",
      "version": "1.0.0",
      "resolved": "https://registry.npmjs.org/bare-node-inspector/-/bare-node-inspector-1.0.0.tgz",
      "integrity": "sha512-eR3HuSa22Vpyqh1lRL2Ve2D2lNJABph9dd9X8viKjaOxyxb0cFOmL+GSc+wv7yOhrFtUdQdeUeGyUr+38smEmg==",
      "dependencies": {
        "bare-inspector": "*"
      }
    },
    "node_modules/os": {
      "name": "bare-node-os",
      "version": "1.0.0",
      "resolved": "https://registry.npmjs.org/bare-node-os/-/bare-node-os-1.0.0.tgz",
      "integrity": "sha512-vQfjTQdzr5Jm6CxgI3ge2ZqIlKIo4FPcCOMjratCsejAwf3jh87auz+j/BX/J4dZUhuEweCBs6Wb7jDuzCj4MA==",
      "dependencies": {
        "bare-os": "*"
      }
    },
    "node_modules/path": {
      "name": "bare-node-path",
      "version": "1.0.0",
      "resolved": "https://registry.npmjs.org/bare-node-path/-/bare-node-path-1.0.0.tgz",
      "integrity": "sha512-T8yCfpnkzPhJIU7MU9TAOpetxyMW9qJ1z0RwQmIIkg4LWXTsBFiCj+KivDR2L6l2xUmHI2VH1PW37UrFvB2Y2A==",
      "dependencies": {
        "bare-path": "*"
      }
    },
    "node_modules/process": {
      "name": "bare-node-process",
      "version": "1.0.0",
      "resolved": "https://registry.npmjs.org/bare-node-process/-/bare-node-process-1.0.0.tgz",
      "integrity": "sha512-8+1HTEqEZLO4wwONZDtry7Ovz/QjPz0WMABqPSLjacb6q4/hYU2Nf8WJlj28pEV0ikd4EGFh11yNIjcK5xrExQ==",
      "dependencies": {
        "bare-process": "*"
      }
    },
    "node_modules/queue-tick": {
      "version": "1.0.1",
      "resolved": "https://registry.npmjs.org/queue-tick/-/queue-tick-1.0.1.tgz",
      "integrity": "sha512-kJt5qhMxoszgU/62PLP1CJytzd2NKetjSRnyuj31fDd3Rlcz3fzlFdFLD1SItunPwyqEOkca6GbV612BWfaBag=="
    },
    "node_modules/readline": {
      "name": "bare-node-readline",
      "version": "1.0.0",
      "resolved": "https://registry.npmjs.org/bare-node-readline/-/bare-node-readline-1.0.0.tgz",
      "integrity": "sha512-q13go31QB3GjruZHjnBoCHXynWtjErc4e5eMQzivwLTMhKIvuROrKPXeSB5PQuQUdD2i2u4RQTYEbYmIAD4SNw==",
      "dependencies": {
        "bare-readline": "*"
      }
    },
    "node_modules/repl": {
      "name": "bare-node-repl",
      "version": "1.0.0",
      "resolved": "https://registry.npmjs.org/bare-node-repl/-/bare-node-repl-1.0.0.tgz",
      "integrity": "sha512-rSFtFvjovdlm7QwllxTyAZfCq5VPiG8lzEK1W3HoqAAXS8ju7KXFQlpLixSySjQ7vmduJdd7ROB0dp0KgSWdrw==",
      "dependencies": {
        "bare-repl": "*"
      }
    },
    "node_modules/safety-catch": {
      "version": "1.0.2",
      "resolved": "https://registry.npmjs.org/safety-catch/-/safety-catch-1.0.2.tgz",
      "integrity": "sha512-C1UYVZ4dtbBxEtvOcpjBaaD27nP8MlvyAQEp2fOTOEe6pfUpk1cDUxij6BR1jZup6rSyUTaBBplK7LanskrULA=="
    },
    "node_modules/streamx": {
      "version": "2.16.1",
      "resolved": "https://registry.npmjs.org/streamx/-/streamx-2.16.1.tgz",
      "integrity": "sha512-m9QYj6WygWyWa3H1YY69amr4nVgy61xfjys7xO7kviL5rfIEc2naf+ewFiOA+aEJD7y0JO3h2GoiUv4TDwEGzQ==",
      "dependencies": {
        "fast-fifo": "^1.1.0",
        "queue-tick": "^1.0.1"
      },
      "optionalDependencies": {
        "bare-events": "^2.2.0"
      }
    },
    "node_modules/tty": {
      "name": "bare-node-tty",
      "version": "1.0.0",
      "resolved": "https://registry.npmjs.org/bare-node-tty/-/bare-node-tty-1.0.0.tgz",
      "integrity": "sha512-lfQ68H23A52A1ZTL5yVdnv4B0mX8rPJMrIx6UtZ9zApXsC8FoHterLEs9gmxu8e+O4UF7fYIAR/UilQC//UYkg==",
      "dependencies": {
        "bare-tty": "*"
      }
    },
    "node_modules/url": {
      "name": "bare-node-url",
      "version": "1.0.0",
      "resolved": "https://registry.npmjs.org/bare-node-url/-/bare-node-url-1.0.0.tgz",
      "integrity": "sha512-Qbbs8bi/FVZkcW9fV823c78mk9aDiPbj+aC8AvHluKExZSvZsw58jB7QlERIZNIL9jnMSTTTJ2FB4Pm2hxNFyQ==",
      "dependencies": {
        "bare-url": "*"
      }
    },
    "node_modules/url-file-url": {
      "version": "1.0.2",
      "resolved": "https://registry.npmjs.org/url-file-url/-/url-file-url-1.0.2.tgz",
      "integrity": "sha512-xrOCIGEmjIbj5X8pvmu2ibgXla3miiBNbkQwtklKiuxhxcbqpIHYoRzgwI7lojPJR77F+5xSk8itExVqp3YoeA==",
      "dependencies": {
        "which-runtime": "^1.2.0"
      }
    },
    "node_modules/which-runtime": {
      "version": "1.2.0",
      "resolved": "https://registry.npmjs.org/which-runtime/-/which-runtime-1.2.0.tgz",
      "integrity": "sha512-rqRsMOMMoTMItcBS45kfkdVSKSAlzLRsxoUdrVK9Wxpc2+m2q5fN4WpnbE2XGqkpNxhH9lZhDyHSkXrK0EFasQ=="
    }
  }
}
